<?xml version="1.0" encoding="utf-8"?>
<Project ToolsVersion="4.0" xmlns="http://schemas.microsoft.com/developer/msbuild/2003">
  <ItemGroup>
    <Filter Include="Source Files">
      <UniqueIdentifier>{4FC737F1-C7A5-4376-A066-2A32D752A2FF}</UniqueIdentifier>
      <Extensions>cpp;c;cc;cxx;c++;cppm;ixx;def;odl;idl;hpj;bat;asm;asmx</Extensions>
    </Filter>
    <Filter Include="Header Files">
      <UniqueIdentifier>{93995380-89BD-4b04-88EB-625FBE52EBFB}</UniqueIdentifier>
      <Extensions>h;hh;hpp;hxx;h++;hm;inl;inc;ipp;xsd</Extensions>
    </Filter>
    <Filter Include="Resource Files">
      <UniqueIdentifier>{67DA6AB6-F800-4c08-8B7A-83BB121AAD01}</UniqueIdentifier>
      <Extensions>rc;ico;cur;bmp;dlg;rc2;rct;bin;rgs;gif;jpg;jpeg;jpe;resx;tiff;tif;png;wav;mfcribbon-ms</Extensions>
    </Filter>
  </ItemGroup>
  <ItemGroup>
    <ClInclude Include="framework.h">
      <Filter>Header Files</Filter>
    </ClInclude>
    <ClInclude Include="Include\Lang\Lang.h">
      <Filter>Header Files</Filter>
    </ClInclude>
    <ClInclude Include="Src\Lang\Util\Allocators.h">
      <Filter>Header Files</Filter>
    </ClInclude>
    <ClInclude Include="Src\Lang\Util\CoreTypes.h">
      <Filter>Header Files</Filter>
    </ClInclude>
    <ClInclude Include="Src\Lang\Util\DArray.h">
      <Filter>Header Files</Filter>
    </ClInclude>
    <ClInclude Include="Src\Lang\Util\DString.h">
      <Filter>Header Files</Filter>
    </ClInclude>
    <ClInclude Include="Src\Lang\Util\DString8.h">
      <Filter>Header Files</Filter>
    </ClInclude>
    <ClInclude Include="Src\Lang\Util\DStrings.h">
      <Filter>Header Files</Filter>
    </ClInclude>
    <ClInclude Include="Src\Lang\Util\Fields.h">
      <Filter>Header Files</Filter>
    </ClInclude>
    <ClInclude Include="Src\Lang\DMath\DColor.h">
      <Filter>Header Files</Filter>
    </ClInclude>
    <ClInclude Include="Src\Lang\Util\DMap.h">
      <Filter>Header Files</Filter>
    </ClInclude>
    <ClInclude Include="Src\Lang\Util\DSet.h">
      <Filter>Header Files</Filter>
    </ClInclude>
    <ClInclude Include="Src\Lang\Util\DLinkedList.h">
      <Filter>Header Files</Filter>
    </ClInclude>
    <ClInclude Include="Src\Lang\Util\DStringBase.h">
      <Filter>Header Files</Filter>
    </ClInclude>
    <ClInclude Include="Src\Lang\Util\Delegates.h">
      <Filter>Header Files</Filter>
    </ClInclude>
    <ClInclude Include="Src\Lang\Util\SBitSet.h">
      <Filter>Header Files</Filter>
    </ClInclude>
    <ClInclude Include="Src\Lang\Util\DClass.h">
      <Filter>Header Files</Filter>
    </ClInclude>
    <ClInclude Include="Src\Lang\Util\DEnumClass.h">
      <Filter>Header Files</Filter>
    </ClInclude>
    <ClInclude Include="Src\Lang\Util\Enumerators.h">
      <Filter>Header Files</Filter>
    </ClInclude>
    <ClInclude Include="Src\Lang\Util\IInterface.h">
      <Filter>Header Files</Filter>
    </ClInclude>
    <ClInclude Include="Src\Lang\Util\SLog.h">
      <Filter>Header Files</Filter>
    </ClInclude>
    <ClInclude Include="Src\Lang\Util\DNumberFormat.h">
      <Filter>Header Files</Filter>
    </ClInclude>
    <ClInclude Include="Src\Lang\Util\HObject.h">
      <Filter>Header Files</Filter>
    </ClInclude>
    <ClInclude Include="Src\Lang\Util\HRandom.h">
      <Filter>Header Files</Filter>
    </ClInclude>
    <ClInclude Include="Src\Lang\Util\SmartPointers.h">
      <Filter>Header Files</Filter>
    </ClInclude>
    <ClInclude Include="Src\Lang\Util\DStruct.h">
      <Filter>Header Files</Filter>
    </ClInclude>
    <ClInclude Include="Src\Lang\Util\HTimerManager.h">
      <Filter>Header Files</Filter>
    </ClInclude>
    <ClInclude Include="Src\Lang\Util\Exception\DRuntimeException.h">
      <Filter>Header Files</Filter>
    </ClInclude>
    <ClInclude Include="Src\Lang\Util\Exception\DIndexException.h">
      <Filter>Header Files</Filter>
    </ClInclude>
    <ClInclude Include="Src\Lang\Util\Exception\DConcurrentModificationException.h">
      <Filter>Header Files</Filter>
    </ClInclude>
    <ClInclude Include="Src\Lang\IO\SPath.h">
      <Filter>Header Files</Filter>
    </ClInclude>
    <ClInclude Include="Src\Lang\IO\Text\STextFile.h">
      <Filter>Header Files</Filter>
    </ClInclude>
    <ClInclude Include="Src\Lang\IO\JSON\SJsonConvert.h">
      <Filter>Header Files</Filter>
    </ClInclude>
    <ClInclude Include="Src\Lang\IO\JSON\SJsonUtils.h">
      <Filter>Header Files</Filter>
    </ClInclude>
    <ClInclude Include="Src\Lang\IO\JSON\DJsonException.h">
      <Filter>Header Files</Filter>
    </ClInclude>
    <ClInclude Include="Src\Lang\IO\JSON\DJsonParser.h">
      <Filter>Header Files</Filter>
    </ClInclude>
    <ClInclude Include="Src\Lang\IO\JSON\DJsonEncoder.h">
      <Filter>Header Files</Filter>
    </ClInclude>
    <ClInclude Include="Src\Lang\IO\CSV\SCsvUtils.h">
      <Filter>Header Files</Filter>
    </ClInclude>
    <ClInclude Include="Src\Lang\IO\CSV\DCsvSyntax.h">
      <Filter>Header Files</Filter>
    </ClInclude>
    <ClInclude Include="Src\Lang\IO\CSV\DCsvException.h">
      <Filter>Header Files</Filter>
    </ClInclude>
    <ClInclude Include="Src\Lang\IO\CSV\DCsvParser.h">
      <Filter>Header Files</Filter>
    </ClInclude>
    <ClInclude Include="Src\Lang\IO\CSV\DCsvEncoder.h">
      <Filter>Header Files</Filter>
    </ClInclude>
    <ClInclude Include="Src\Lang\Util\DDateTime.h">
      <Filter>Header Files</Filter>
    </ClInclude>
    <ClInclude Include="Src\Lang\Util\SFieldSelector.h">
      <Filter>Header Files</Filter>
    </ClInclude>
    <ClInclude Include="Src\Lang\Util\DArrayView.h">
      <Filter>Header Files</Filter>
    </ClInclude>
    <ClInclude Include="Src\Lang\Util\SAscii.h">
      <Filter>Header Files</Filter>
    </ClInclude>
    <ClInclude Include="Src\Lang\Util\DFixedArray.h">
      <Filter>Header Files</Filter>
    </ClInclude>
    <ClInclude Include="Src\Lang\Util\TChar.h">
      <Filter>Header Files</Filter>
    </ClInclude>
    <ClInclude Include="pch.h">
      <Filter>Header Files</Filter>
    </ClInclude>
    <ClInclude Include="Src\Lang\Math\DMath.h">
      <Filter>Header Files</Filter>
    </ClInclude>
    <ClInclude Include="Src\Lang\Math\FAxisBox.h">
      <Filter>Header Files</Filter>
    </ClInclude>
    <ClInclude Include="Src\Lang\Math\FBox.h">
      <Filter>Header Files</Filter>
    </ClInclude>
    <ClInclude Include="Src\Lang\Math\FMat3.h">
      <Filter>Header Files</Filter>
    </ClInclude>
    <ClInclude Include="Src\Lang\Math\FMat4.h">
      <Filter>Header Files</Filter>
    </ClInclude>
    <ClInclude Include="Src\Lang\Math\FMath.h">
      <Filter>Header Files</Filter>
    </ClInclude>
    <ClInclude Include="Src\Lang\Math\FPlane.h">
      <Filter>Header Files</Filter>
    </ClInclude>
    <ClInclude Include="Src\Lang\Math\FQuat.h">
      <Filter>Header Files</Filter>
    </ClInclude>
    <ClInclude Include="Src\Lang\Math\FVec2.h">
      <Filter>Header Files</Filter>
    </ClInclude>
    <ClInclude Include="Src\Lang\Math\FVec3.h">
      <Filter>Header Files</Filter>
    </ClInclude>
    <ClInclude Include="Src\Lang\Math\FVec4.h">
      <Filter>Header Files</Filter>
    </ClInclude>
    <ClInclude Include="Src\Lang\Util\SClock.h">
      <Filter>Header Files</Filter>
    </ClInclude>
    <ClInclude Include="Src\Lang\Math\SColor.h">
      <Filter>Header Files</Filter>
    </ClInclude>
    <ClInclude Include="Src\Lang\IO\Binary\DByteConverter.h">
      <Filter>Header Files</Filter>
    </ClInclude>
    <ClInclude Include="Src\Lang\IO\Binary\DByteReconverter.h">
      <Filter>Header Files</Filter>
    </ClInclude>
    <ClInclude Include="Src\Lang\IO\Binary\SBase64.h">
      <Filter>Header Files</Filter>
    </ClInclude>
    <ClInclude Include="Src\Lang\IO\Binary\SBinaryFile.h">
      <Filter>Header Files</Filter>
    </ClInclude>
    <ClInclude Include="Src\Lang\IO\Binary\SCoreObjectCopy.h">
      <Filter>Header Files</Filter>
    </ClInclude>
    <ClInclude Include="Src\Lang\IO\Binary\SLenientObjectReconverter.h">
      <Filter>Header Files</Filter>
    </ClInclude>
    <ClInclude Include="Src\Lang\IO\Binary\SLenientSerializer.h">
      <Filter>Header Files</Filter>
    </ClInclude>
    <ClInclude Include="Src\Lang\IO\Binary\SObjectConverter.h">
      <Filter>Header Files</Filter>
    </ClInclude>
    <ClInclude Include="Src\Lang\IO\Binary\SObjectTraveller.h">
      <Filter>Header Files</Filter>
    </ClInclude>
    <ClInclude Include="Src\Lang\IO\Binary\SPrimitiveCopy.h">
      <Filter>Header Files</Filter>
    </ClInclude>
    <ClInclude Include="Src\Lang\IO\Binary\SStrictObjectReconverter.h">
      <Filter>Header Files</Filter>
    </ClInclude>
    <ClInclude Include="Src\Lang\IO\Binary\SStrictSerializer.h">
      <Filter>Header Files</Filter>
    </ClInclude>
    <ClInclude Include="Src\Lang\Math\FSphere.h">
      <Filter>Header Files</Filter>
    </ClInclude>
    <ClInclude Include="Src\Lang\Util\SCounterUtil.h">
      <Filter>Header Files</Filter>
    </ClInclude>
  </ItemGroup>
  <ItemGroup>
    <ClCompile Include="Lang.cpp">
      <Filter>Source Files</Filter>
    </ClCompile>
    <ClCompile Include="Src\Lang\Util\DString.cpp">
      <Filter>Source Files</Filter>
    </ClCompile>
    <ClCompile Include="Src\Lang\Util\DString8.cpp">
      <Filter>Source Files</Filter>
    </ClCompile>
    <ClCompile Include="Src\Lang\Util\DStrings.cpp">
      <Filter>Source Files</Filter>
    </ClCompile>
    <ClCompile Include="Src\Lang\Util\SBitSet.cpp">
      <Filter>Source Files</Filter>
    </ClCompile>
    <ClCompile Include="Src\Lang\Util\DClass.cpp">
      <Filter>Source Files</Filter>
    </ClCompile>
    <ClCompile Include="Src\Lang\Util\DEnumClass.cpp">
      <Filter>Source Files</Filter>
    </ClCompile>
    <ClCompile Include="Src\Lang\Util\SLog.cpp">
      <Filter>Source Files</Filter>
    </ClCompile>
    <ClCompile Include="Src\Lang\Util\DNumberFormat.cpp">
      <Filter>Source Files</Filter>
    </ClCompile>
    <ClCompile Include="Src\Lang\Util\HObject.cpp">
      <Filter>Source Files</Filter>
    </ClCompile>
    <ClCompile Include="Src\Lang\Util\HRandom.cpp">
      <Filter>Source Files</Filter>
    </ClCompile>
    <ClCompile Include="Src\Lang\Util\DStruct.cpp">
      <Filter>Source Files</Filter>
    </ClCompile>
    <ClCompile Include="Src\Lang\Util\HTimerManager.cpp">
      <Filter>Source Files</Filter>
    </ClCompile>
    <ClCompile Include="Src\Lang\Util\Exception\DRuntimeException.cpp">
      <Filter>Source Files</Filter>
    </ClCompile>
    <ClCompile Include="Src\Lang\Util\Exception\DIndexException.cpp">
      <Filter>Source Files</Filter>
    </ClCompile>
    <ClCompile Include="Src\Lang\Util\Exception\DConcurrentModificationException.cpp">
      <Filter>Source Files</Filter>
    </ClCompile>
    <ClCompile Include="Src\Lang\IO\SPath.cpp">
      <Filter>Source Files</Filter>
    </ClCompile>
    <ClCompile Include="Src\Lang\IO\Text\STextFile.cpp">
      <Filter>Source Files</Filter>
    </ClCompile>
    <ClCompile Include="Src\Lang\IO\JSON\SJsonConvert.cpp">
      <Filter>Source Files</Filter>
    </ClCompile>
    <ClCompile Include="Src\Lang\IO\JSON\SJsonUtils.cpp">
      <Filter>Source Files</Filter>
    </ClCompile>
    <ClCompile Include="Src\Lang\IO\JSON\DJsonException.cpp">
      <Filter>Source Files</Filter>
    </ClCompile>
    <ClCompile Include="Src\Lang\IO\JSON\DJsonParser.cpp">
      <Filter>Source Files</Filter>
    </ClCompile>
    <ClCompile Include="Src\Lang\IO\JSON\DJsonEncoder.cpp">
      <Filter>Source Files</Filter>
    </ClCompile>
    <ClCompile Include="Src\Lang\IO\CSV\SCsvUtils.cpp">
      <Filter>Source Files</Filter>
    </ClCompile>
    <ClCompile Include="Src\Lang\IO\CSV\DCsvSyntax.cpp">
      <Filter>Source Files</Filter>
    </ClCompile>
    <ClCompile Include="Src\Lang\IO\CSV\DCsvException.cpp">
      <Filter>Source Files</Filter>
    </ClCompile>
    <ClCompile Include="Src\Lang\IO\CSV\DCsvParser.cpp">
      <Filter>Source Files</Filter>
    </ClCompile>
    <ClCompile Include="Src\Lang\IO\CSV\DCsvEncoder.cpp">
      <Filter>Source Files</Filter>
    </ClCompile>
    <ClCompile Include="Src\Lang\Util\SClock.cpp">
      <Filter>Source Files</Filter>
    </ClCompile>
    <ClCompile Include="Src\Lang\Util\DDateTime.cpp">
      <Filter>Source Files</Filter>
    </ClCompile>
    <ClCompile Include="Src\Lang\Util\SAscii.cpp">
      <Filter>Source Files</Filter>
    </ClCompile>
    <ClCompile Include="Src\Lang\Util\TChar.cpp">
      <Filter>Source Files</Filter>
    </ClCompile>
    <ClCompile Include="pch.cpp">
      <Filter>Source Files</Filter>
    </ClCompile>
    <ClCompile Include="Src\Lang\Math\DMath.cpp">
      <Filter>Source Files</Filter>
    </ClCompile>
    <ClCompile Include="Src\Lang\Math\FMath.cpp">
      <Filter>Source Files</Filter>
    </ClCompile>
    <ClCompile Include="Src\Lang\Math\FMathToString.cpp">
      <Filter>Source Files</Filter>
    </ClCompile>
    <ClCompile Include="Src\Lang\Math\FBox.cpp">
      <Filter>Source Files</Filter>
    </ClCompile>
    <ClCompile Include="Src\Lang\Math\FAxisBox.cpp">
      <Filter>Source Files</Filter>
    </ClCompile>
    <ClCompile Include="Src\Lang\Math\SColor.cpp">
      <Filter>Source Files</Filter>
    </ClCompile>
    <ClCompile Include="Src\Lang\IO\Binary\DByteConverter.cpp">
      <Filter>Source Files</Filter>
    </ClCompile>
    <ClCompile Include="Src\Lang\IO\Binary\DByteReconverter.cpp">
      <Filter>Source Files</Filter>
    </ClCompile>
    <ClCompile Include="Src\Lang\IO\Binary\SBase64.cpp">
      <Filter>Source Files</Filter>
    </ClCompile>
    <ClCompile Include="Src\Lang\IO\Binary\SBinaryFile.cpp">
      <Filter>Source Files</Filter>
    </ClCompile>
    <ClCompile Include="Src\Lang\IO\Binary\SCoreObjectCopy.cpp">
      <Filter>Source Files</Filter>
    </ClCompile>
    <ClCompile Include="Src\Lang\IO\Binary\SLenientObjectReconverter.cpp">
      <Filter>Source Files</Filter>
    </ClCompile>
    <ClCompile Include="Src\Lang\IO\Binary\SLenientSerializer.cpp">
      <Filter>Source Files</Filter>
    </ClCompile>
    <ClCompile Include="Src\Lang\IO\Binary\SObjectConverter.cpp">
      <Filter>Source Files</Filter>
    </ClCompile>
    <ClCompile Include="Src\Lang\IO\Binary\SObjectTraveller.cpp">
      <Filter>Source Files</Filter>
    </ClCompile>
    <ClCompile Include="Src\Lang\IO\Binary\SPrimitiveCopy.cpp">
      <Filter>Source Files</Filter>
    </ClCompile>
    <ClCompile Include="Src\Lang\IO\Binary\SStrictObjectReconverter.cpp">
      <Filter>Source Files</Filter>
    </ClCompile>
    <ClCompile Include="Src\Lang\IO\Binary\SStrictSerializer.cpp">
      <Filter>Source Files</Filter>
    </ClCompile>
    <ClCompile Include="Src\Lang\Math\FSphere.cpp">
      <Filter>Source Files</Filter>
    </ClCompile>
  </ItemGroup>
  <ItemGroup>
    <Text Include="README.txt" />
    <Text Include="ReflectionSystem.txt" />
    <Text Include="UsingWithDLLs.txt" />
  </ItemGroup>
  <ItemGroup>
    <None Include="Src\Lang\DMath\DColor.inl">
      <Filter>Header Files</Filter>
    </None>
    <None Include="Src\Lang\Math\FMat3.inl">
      <Filter>Header Files</Filter>
    </None>
    <None Include="Src\Lang\Math\FMat4.inl">
      <Filter>Header Files</Filter>
    </None>
    <None Include="Src\Lang\Math\FPlane.inl">
      <Filter>Header Files</Filter>
    </None>
    <None Include="Src\Lang\Math\FQuat.inl">
      <Filter>Header Files</Filter>
    </None>
    <None Include="Src\Lang\Math\FVec2.inl">
      <Filter>Header Files</Filter>
    </None>
    <None Include="Src\Lang\Math\FVec3.inl">
      <Filter>Header Files</Filter>
    </None>
    <None Include="Src\Lang\Math\FVec4.inl">
      <Filter>Header Files</Filter>
    </None>
  </ItemGroup>
</Project>